
Microsoft Visual Studio Solution File, Format Version 12.00
# Visual Studio Version 17
VisualStudioVersion = 17.0.31903.59
MinimumVisualStudioVersion = 10.0.40219.1
Project("{FAE04EC0-301F-11D3-BF4B-00C04F79EFBC}") = "SharedKernel", "SharedKernel\SharedKernel.csproj", "{51D683FB-544E-4D9A-9BA1-5F2A0A69AACA}"
EndProject
Project("{FAE04EC0-301F-11D3-BF4B-00C04F79EFBC}") = "BlazorWebApp", "BlazorWebApp\BlazorWebApp.csproj", "{7515BB97-B05A-460B-9D1A-FD4790247E08}"
EndProject
Project("{FAE04EC0-301F-11D3-BF4B-00C04F79EFBC}") = "WebApi", "WebApi\WebApi.csproj", "{8A0591BD-B6E6-4371-AF59-AFB15A4268E4}"
EndProject
Project("{FAE04EC0-301F-11D3-BF4B-00C04F79EFBC}") = "Application", "Application\Application.csproj", "{A127A12F-6D66-4F18-A2E9-0550863D4B00}"
EndProject
Project("{FAE04EC0-301F-11D3-BF4B-00C04F79EFBC}") = "Domain", "Domain\Domain.csproj", "{875102E9-4F04-40E4-AC5D-1E1F7D3F1F0B}"
EndProject
Project("{FAE04EC0-301F-11D3-BF4B-00C04F79EFBC}") = "Infrastructure", "Infrastructure\Infrastructure.csproj", "{0F40CA15-3EDD-4E60-AC19-3547DB457012}"
EndProject
Project("{2150E333-8FDC-42A3-9474-1A3956D46DE8}") = "tests", "tests", "{0AB3BF05-4346-4AA6-1389-037BE0695223}"
EndProject
Project("{FAE04EC0-301F-11D3-BF4B-00C04F79EFBC}") = "Domain.UnitTests", "tests\Domain.UnitTests\Domain.UnitTests.csproj", "{D6CE3E77-2CFE-4302-B450-2A18BF323092}"
EndProject
Project("{FAE04EC0-301F-11D3-BF4B-00C04F79EFBC}") = "Application.UnitTests", "tests\Application.UnitTests\Application.UnitTests.csproj", "{CF2D99C4-BE21-4B0E-9B01-7C3104932B5B}"
EndProject
Project("{FAE04EC0-301F-11D3-BF4B-00C04F79EFBC}") = "Infrastructure.UnitTests", "tests\Infrastructure.UnitTests\Infrastructure.UnitTests.csproj", "{A89C45D1-060F-4DC6-B3B8-CEF28B17F6AA}"
EndProject
Global
	GlobalSection(SolutionConfigurationPlatforms) = preSolution
		Debug|Any CPU = Debug|Any CPU
		Debug|x64 = Debug|x64
		Debug|x86 = Debug|x86
		Release|Any CPU = Release|Any CPU
		Release|x64 = Release|x64
		Release|x86 = Release|x86
	EndGlobalSection
	GlobalSection(ProjectConfigurationPlatforms) = postSolution
		{51D683FB-544E-4D9A-9BA1-5F2A0A69AACA}.Debug|Any CPU.ActiveCfg = Debug|Any CPU
		{51D683FB-544E-4D9A-9BA1-5F2A0A69AACA}.Debug|Any CPU.Build.0 = Debug|Any CPU
		{51D683FB-544E-4D9A-9BA1-5F2A0A69AACA}.Debug|x64.ActiveCfg = Debug|Any CPU
		{51D683FB-544E-4D9A-9BA1-5F2A0A69AACA}.Debug|x64.Build.0 = Debug|Any CPU
		{51D683FB-544E-4D9A-9BA1-5F2A0A69AACA}.Debug|x86.ActiveCfg = Debug|Any CPU
		{51D683FB-544E-4D9A-9BA1-5F2A0A69AACA}.Debug|x86.Build.0 = Debug|Any CPU
		{51D683FB-544E-4D9A-9BA1-5F2A0A69AACA}.Release|Any CPU.ActiveCfg = Release|Any CPU
		{51D683FB-544E-4D9A-9BA1-5F2A0A69AACA}.Release|Any CPU.Build.0 = Release|Any CPU
		{51D683FB-544E-4D9A-9BA1-5F2A0A69AACA}.Release|x64.ActiveCfg = Release|Any CPU
		{51D683FB-544E-4D9A-9BA1-5F2A0A69AACA}.Release|x64.Build.0 = Release|Any CPU
		{51D683FB-544E-4D9A-9BA1-5F2A0A69AACA}.Release|x86.ActiveCfg = Release|Any CPU
		{51D683FB-544E-4D9A-9BA1-5F2A0A69AACA}.Release|x86.Build.0 = Release|Any CPU
		{7515BB97-B05A-460B-9D1A-FD4790247E08}.Debug|Any CPU.ActiveCfg = Debug|Any CPU
		{7515BB97-B05A-460B-9D1A-FD4790247E08}.Debug|Any CPU.Build.0 = Debug|Any CPU
		{7515BB97-B05A-460B-9D1A-FD4790247E08}.Debug|x64.ActiveCfg = Debug|Any CPU
		{7515BB97-B05A-460B-9D1A-FD4790247E08}.Debug|x64.Build.0 = Debug|Any CPU
		{7515BB97-B05A-460B-9D1A-FD4790247E08}.Debug|x86.ActiveCfg = Debug|Any CPU
		{7515BB97-B05A-460B-9D1A-FD4790247E08}.Debug|x86.Build.0 = Debug|Any CPU
		{7515BB97-B05A-460B-9D1A-FD4790247E08}.Release|Any CPU.ActiveCfg = Release|Any CPU
		{7515BB97-B05A-460B-9D1A-FD4790247E08}.Release|Any CPU.Build.0 = Release|Any CPU
		{7515BB97-B05A-460B-9D1A-FD4790247E08}.Release|x64.ActiveCfg = Release|Any CPU
		{7515BB97-B05A-460B-9D1A-FD4790247E08}.Release|x64.Build.0 = Release|Any CPU
		{7515BB97-B05A-460B-9D1A-FD4790247E08}.Release|x86.ActiveCfg = Release|Any CPU
		{7515BB97-B05A-460B-9D1A-FD4790247E08}.Release|x86.Build.0 = Release|Any CPU
		{8A0591BD-B6E6-4371-AF59-AFB15A4268E4}.Debug|Any CPU.ActiveCfg = Debug|Any CPU
		{8A0591BD-B6E6-4371-AF59-AFB15A4268E4}.Debug|Any CPU.Build.0 = Debug|Any CPU
		{8A0591BD-B6E6-4371-AF59-AFB15A4268E4}.Debug|x64.ActiveCfg = Debug|Any CPU
		{8A0591BD-B6E6-4371-AF59-AFB15A4268E4}.Debug|x64.Build.0 = Debug|Any CPU
		{8A0591BD-B6E6-4371-AF59-AFB15A4268E4}.Debug|x86.ActiveCfg = Debug|Any CPU
		{8A0591BD-B6E6-4371-AF59-AFB15A4268E4}.Debug|x86.Build.0 = Debug|Any CPU
		{8A0591BD-B6E6-4371-AF59-AFB15A4268E4}.Release|Any CPU.ActiveCfg = Release|Any CPU
		{8A0591BD-B6E6-4371-AF59-AFB15A4268E4}.Release|Any CPU.Build.0 = Release|Any CPU
		{8A0591BD-B6E6-4371-AF59-AFB15A4268E4}.Release|x64.ActiveCfg = Release|Any CPU
		{8A0591BD-B6E6-4371-AF59-AFB15A4268E4}.Release|x64.Build.0 = Release|Any CPU
		{8A0591BD-B6E6-4371-AF59-AFB15A4268E4}.Release|x86.ActiveCfg = Release|Any CPU
		{8A0591BD-B6E6-4371-AF59-AFB15A4268E4}.Release|x86.Build.0 = Release|Any CPU
		{A127A12F-6D66-4F18-A2E9-0550863D4B00}.Debug|Any CPU.ActiveCfg = Debug|Any CPU
		{A127A12F-6D66-4F18-A2E9-0550863D4B00}.Debug|Any CPU.Build.0 = Debug|Any CPU
		{A127A12F-6D66-4F18-A2E9-0550863D4B00}.Debug|x64.ActiveCfg = Debug|Any CPU
		{A127A12F-6D66-4F18-A2E9-0550863D4B00}.Debug|x64.Build.0 = Debug|Any CPU
		{A127A12F-6D66-4F18-A2E9-0550863D4B00}.Debug|x86.ActiveCfg = Debug|Any CPU
		{A127A12F-6D66-4F18-A2E9-0550863D4B00}.Debug|x86.Build.0 = Debug|Any CPU
		{A127A12F-6D66-4F18-A2E9-0550863D4B00}.Release|Any CPU.ActiveCfg = Release|Any CPU
		{A127A12F-6D66-4F18-A2E9-0550863D4B00}.Release|Any CPU.Build.0 = Release|Any CPU
		{A127A12F-6D66-4F18-A2E9-0550863D4B00}.Release|x64.ActiveCfg = Release|Any CPU
		{A127A12F-6D66-4F18-A2E9-0550863D4B00}.Release|x64.Build.0 = Release|Any CPU
		{A127A12F-6D66-4F18-A2E9-0550863D4B00}.Release|x86.ActiveCfg = Release|Any CPU
		{A127A12F-6D66-4F18-A2E9-0550863D4B00}.Release|x86.Build.0 = Release|Any CPU
		{875102E9-4F04-40E4-AC5D-1E1F7D3F1F0B}.Debug|Any CPU.ActiveCfg = Debug|Any CPU
		{875102E9-4F04-40E4-AC5D-1E1F7D3F1F0B}.Debug|Any CPU.Build.0 = Debug|Any CPU
		{875102E9-4F04-40E4-AC5D-1E1F7D3F1F0B}.Debug|x64.ActiveCfg = Debug|Any CPU
		{875102E9-4F04-40E4-AC5D-1E1F7D3F1F0B}.Debug|x64.Build.0 = Debug|Any CPU
		{875102E9-4F04-40E4-AC5D-1E1F7D3F1F0B}.Debug|x86.ActiveCfg = Debug|Any CPU
		{875102E9-4F04-40E4-AC5D-1E1F7D3F1F0B}.Debug|x86.Build.0 = Debug|Any CPU
		{875102E9-4F04-40E4-AC5D-1E1F7D3F1F0B}.Release|Any CPU.ActiveCfg = Release|Any CPU
		{875102E9-4F04-40E4-AC5D-1E1F7D3F1F0B}.Release|Any CPU.Build.0 = Release|Any CPU
		{875102E9-4F04-40E4-AC5D-1E1F7D3F1F0B}.Release|x64.ActiveCfg = Release|Any CPU
		{875102E9-4F04-40E4-AC5D-1E1F7D3F1F0B}.Release|x64.Build.0 = Release|Any CPU
		{875102E9-4F04-40E4-AC5D-1E1F7D3F1F0B}.Release|x86.ActiveCfg = Release|Any CPU
		{875102E9-4F04-40E4-AC5D-1E1F7D3F1F0B}.Release|x86.Build.0 = Release|Any CPU
		{0F40CA15-3EDD-4E60-AC19-3547DB457012}.Debug|Any CPU.ActiveCfg = Debug|Any CPU
		{0F40CA15-3EDD-4E60-AC19-3547DB457012}.Debug|Any CPU.Build.0 = Debug|Any CPU
		{0F40CA15-3EDD-4E60-AC19-3547DB457012}.Debug|x64.ActiveCfg = Debug|Any CPU
		{0F40CA15-3EDD-4E60-AC19-3547DB457012}.Debug|x64.Build.0 = Debug|Any CPU
		{0F40CA15-3EDD-4E60-AC19-3547DB457012}.Debug|x86.ActiveCfg = Debug|Any CPU
		{0F40CA15-3EDD-4E60-AC19-3547DB457012}.Debug|x86.Build.0 = Debug|Any CPU
		{0F40CA15-3EDD-4E60-AC19-3547DB457012}.Release|Any CPU.ActiveCfg = Release|Any CPU
		{0F40CA15-3EDD-4E60-AC19-3547DB457012}.Release|Any CPU.Build.0 = Release|Any CPU
		{0F40CA15-3EDD-4E60-AC19-3547DB457012}.Release|x64.ActiveCfg = Release|Any CPU
		{0F40CA15-3EDD-4E60-AC19-3547DB457012}.Release|x64.Build.0 = Release|Any CPU
		{0F40CA15-3EDD-4E60-AC19-3547DB457012}.Release|x86.ActiveCfg = Release|Any CPU
		{0F40CA15-3EDD-4E60-AC19-3547DB457012}.Release|x86.Build.0 = Release|Any CPU
		{D6CE3E77-2CFE-4302-B450-2A18BF323092}.Debug|Any CPU.ActiveCfg = Debug|Any CPU
		{D6CE3E77-2CFE-4302-B450-2A18BF323092}.Debug|Any CPU.Build.0 = Debug|Any CPU
		{D6CE3E77-2CFE-4302-B450-2A18BF323092}.Debug|x64.ActiveCfg = Debug|Any CPU
		{D6CE3E77-2CFE-4302-B450-2A18BF323092}.Debug|x64.Build.0 = Debug|Any CPU
		{D6CE3E77-2CFE-4302-B450-2A18BF323092}.Debug|x86.ActiveCfg = Debug|Any CPU
		{D6CE3E77-2CFE-4302-B450-2A18BF323092}.Debug|x86.Build.0 = Debug|Any CPU
		{D6CE3E77-2CFE-4302-B450-2A18BF323092}.Release|Any CPU.ActiveCfg = Release|Any CPU
		{D6CE3E77-2CFE-4302-B450-2A18BF323092}.Release|Any CPU.Build.0 = Release|Any CPU
		{D6CE3E77-2CFE-4302-B450-2A18BF323092}.Release|x64.ActiveCfg = Release|Any CPU
		{D6CE3E77-2CFE-4302-B450-2A18BF323092}.Release|x64.Build.0 = Release|Any CPU
		{D6CE3E77-2CFE-4302-B450-2A18BF323092}.Release|x86.ActiveCfg = Release|Any CPU
		{D6CE3E77-2CFE-4302-B450-2A18BF323092}.Release|x86.Build.0 = Release|Any CPU
		{CF2D99C4-BE21-4B0E-9B01-7C3104932B5B}.Debug|Any CPU.ActiveCfg = Debug|Any CPU
		{CF2D99C4-BE21-4B0E-9B01-7C3104932B5B}.Debug|Any CPU.Build.0 = Debug|Any CPU
		{CF2D99C4-BE21-4B0E-9B01-7C3104932B5B}.Debug|x64.ActiveCfg = Debug|Any CPU
		{CF2D99C4-BE21-4B0E-9B01-7C3104932B5B}.Debug|x64.Build.0 = Debug|Any CPU
		{CF2D99C4-BE21-4B0E-9B01-7C3104932B5B}.Debug|x86.ActiveCfg = Debug|Any CPU
		{CF2D99C4-BE21-4B0E-9B01-7C3104932B5B}.Debug|x86.Build.0 = Debug|Any CPU
		{CF2D99C4-BE21-4B0E-9B01-7C3104932B5B}.Release|Any CPU.ActiveCfg = Release|Any CPU
		{CF2D99C4-BE21-4B0E-9B01-7C3104932B5B}.Release|Any CPU.Build.0 = Release|Any CPU
		{CF2D99C4-BE21-4B0E-9B01-7C3104932B5B}.Release|x64.ActiveCfg = Release|Any CPU
		{CF2D99C4-BE21-4B0E-9B01-7C3104932B5B}.Release|x64.Build.0 = Release|Any CPU
		{CF2D99C4-BE21-4B0E-9B01-7C3104932B5B}.Release|x86.ActiveCfg = Release|Any CPU
		{CF2D99C4-BE21-4B0E-9B01-7C3104932B5B}.Release|x86.Build.0 = Release|Any CPU
		{A89C45D1-060F-4DC6-B3B8-CEF28B17F6AA}.Debug|Any CPU.ActiveCfg = Debug|Any CPU
		{A89C45D1-060F-4DC6-B3B8-CEF28B17F6AA}.Debug|Any CPU.Build.0 = Debug|Any CPU
		{A89C45D1-060F-4DC6-B3B8-CEF28B17F6AA}.Debug|x64.ActiveCfg = Debug|Any CPU
		{A89C45D1-060F-4DC6-B3B8-CEF28B17F6AA}.Debug|x64.Build.0 = Debug|Any CPU
		{A89C45D1-060F-4DC6-B3B8-CEF28B17F6AA}.Debug|x86.ActiveCfg = Debug|Any CPU
		{A89C45D1-060F-4DC6-B3B8-CEF28B17F6AA}.Debug|x86.Build.0 = Debug|Any CPU
		{A89C45D1-060F-4DC6-B3B8-CEF28B17F6AA}.Release|Any CPU.ActiveCfg = Release|Any CPU
		{A89C45D1-060F-4DC6-B3B8-CEF28B17F6AA}.Release|Any CPU.Build.0 = Release|Any CPU
		{A89C45D1-060F-4DC6-B3B8-CEF28B17F6AA}.Release|x64.ActiveCfg = Release|Any CPU
		{A89C45D1-060F-4DC6-B3B8-CEF28B17F6AA}.Release|x64.Build.0 = Release|Any CPU
		{A89C45D1-060F-4DC6-B3B8-CEF28B17F6AA}.Release|x86.ActiveCfg = Release|Any CPU
		{A89C45D1-060F-4DC6-B3B8-CEF28B17F6AA}.Release|x86.Build.0 = Release|Any CPU
	EndGlobalSection
	GlobalSection(SolutionProperties) = preSolution
		HideSolutionNode = FALSE
	EndGlobalSection
	GlobalSection(NestedProjects) = preSolution
		{D6CE3E77-2CFE-4302-B450-2A18BF323092} = {0AB3BF05-4346-4AA6-1389-037BE0695223}
		{CF2D99C4-BE21-4B0E-9B01-7C3104932B5B} = {0AB3BF05-4346-4AA6-1389-037BE0695223}
		{A89C45D1-060F-4DC6-B3B8-CEF28B17F6AA} = {0AB3BF05-4346-4AA6-1389-037BE0695223}
	EndGlobalSection
EndGlobal
